
Microsoft Visual Studio Solution File, Format Version 12.00
# Visual Studio 15
VisualStudioVersion = 15.0.28307.1022
MinimumVisualStudioVersion = 10.0.40219.1
Project("{FAE04EC0-301F-11D3-BF4B-00C04F79EFBC}") = "XmlSchemaInferrer", "XmlSchemaInferrer\XmlSchemaInferrer.csproj", "{23FDE521-CE54-4CCD-AEA2-ECFFD6B3BF74}"
EndProject
Global
	GlobalSection(SolutionConfigurationPlatforms) = preSolution
		Debug|Any CPU = Debug|Any CPU
		Release|Any CPU = Release|Any CPU
	EndGlobalSection
	GlobalSection(ProjectConfigurationPlatforms) = postSolution
		{23FDE521-CE54-4CCD-AEA2-ECFFD6B3BF74}.Debug|Any CPU.ActiveCfg = Debug|Any CPU
		{23FDE521-CE54-4CCD-AEA2-ECFFD6B3BF74}.Debug|Any CPU.Build.0 = Debug|Any CPU
		{23FDE521-CE54-4CCD-AEA2-ECFFD6B3BF74}.Release|Any CPU.ActiveCfg = Release|Any CPU
		{23FDE521-CE54-4CCD-AEA2-ECFFD6B3BF74}.Release|Any CPU.Build.0 = Release|Any CPU
	EndGlobalSection
	GlobalSection(SolutionProperties) = preSolution
		HideSolutionNode = FALSE
	EndGlobalSection
	GlobalSection(ExtensibilityGlobals) = postSolution
		SolutionGuid = {3990F323-2E4B-4C16-BA2C-C7F0BA31D84B}
	EndGlobalSection
EndGlobal
